core:changelogs:
  - content: "---\npackages:\n  \"@forge/cli\":\n    type: patch\n---\n\n### Bundle dist and keep DevTools out of released builds\n\n`tsc -p .` emitted a faithful file per module and left every dependency to\nbe resolved at install time, so a 120 KB dist/ cost 23 MB across 38\npackages to install. Ink brings React, a reconciler, Yoga, and es-toolkit,\nwhich is 18 MB on its own. scripts/build.mjs bundles instead: 178 kB\npacked, nine files, no runtime dependencies.\n\nIt bundles with splitting rather than to one file. index.ts imports the\nInk views dynamically so that --version, --help, and the plain CI\nrenderer -- most of the runs -- never parse a UI framework. A single-file\nbundle inlines that import and undoes it, measured at 33 ms to 55 ms of\nstartup. Split, the entry stays 9 KB and startup does not move.\n\nSourcemaps are dropped from dist/. They cost 2.0 MB against a 508 KB\nbundle, 1.8 MB of it mapping Ink and React, and nothing reads them: the\nCLI reports failures through fatal(), which prints error.message, so no\nstack trace ever reaches a user to be mapped.\n\nThe DevTools exclusion never worked. Ink guards the import with\nprocess.env['DEV'], Bun's --define rewrites only the dotted form, so the\nbranch survived and react-devtools-core shipped in every binary -- along\nwith a full `ws` client, which ink/build/devtools.js imports separately to\nprobe for a DevTools server. Stubbing Ink's devtools module takes out both\nin one interception and leaves `ws` alone elsewhere. Binaries drop 0.6 MB;\ndist/ drops 48 KB.\n\nThat the previous attempt failed silently is the reason for the check that\nreplaces it. assertStripped fails a build whose output still contains the\nDevTools probe address, and fails one where the replacement matched\nnothing, which is how Ink moving the file would otherwise go unnoticed.\n\nBundling and stubbing both need a resolver plugin, which `bun build` has\nno flag for, so compile.mjs drives Bun.build rather than spawning the CLI.\nBun is now needed to build the npm package and not only to compile a\nbinary, so CI's check job installs it.\n\nNothing here shrinks a binary meaningfully: 60.5 MB of the 62 MB is the\nBun runtime, and Bun is already the smallest of the options at hand --\nDeno's floor is 82 MB and Node's SEA is 116 MB. Compressing the release\nartifacts is what moves that number, and it is the installer's job.\n\nClaude-Session: https://claude.ai/code/session_01E1EpEPpvhqcGyPDRMn7rL4\n"
    filename: 2026-09-03-mtlh4xmv.md
    v: 0.0.0
core:packages:
  - id: npm:forge
    updated: false
  - changelogIds:
      - 2026-09-03-mtlh4xmv.md
    id: npm:@forge/cli
    updated: true
npm:packages:
  - id: npm:forge
  - id: npm:@forge/cli
