core:changelogs:
  - content: "---\npackages:\n  npm:@forge/cli:\n    type: minor\n---\n\n### Say how to fix the finding that decided the run\n\nA verification that fails in CI used to end at the verdict. Whoever was on\nshift got told which journey broke and had to open the finding page to learn\nwhat to do about it.\n\nThe report now ends with `How to fix`: the headline, who owns the change, and\nthe steps as numbered lines. Every finding carries them, derived by rule rather\nthan written by a model, so the same failure reads the same way twice.\n\nThe agent brief is deliberately not printed by default. It runs to a couple of\nkilobytes, and a couple of kilobytes in front of a reader every run is how a CI\nlog stops being read at all -- so the default names where the prompt is, and\n`--fix` prints it into the log, verbatim and unindented, for piping straight\ninto a coding agent.\n\n### Stop calling a blocked run a reachable application\n\nA target behind a bot challenge answers HTTP 200, so a run against one used to\nreport success against the interstitial: `Application reachable`, journeys\ndiscovered from the challenge screen's own words, and no confirmed defects.\nEvery line was true of the interstitial and none of it was true of the\napplication.\n\nA run stopped at a challenge now says `Blocked before the application was\nreached`, marks the discovered journeys as a warning rather than a pass, and\ngives a verdict saying no journey was exercised instead of reporting a clean\nrun. The finding names the service in the way, and its fix instructions say how\nto let a verifier through.\n\n### Drop em dashes from the terminal copy\n\n`--help` and the run status line used them. They are gone from both.\n"
    filename: 2026-09-06-mtq749k0.md
    v: 0.0.0
core:packages:
  - id: npm:forge
    updated: false
  - changelogIds:
      - 2026-09-06-mtq749k0.md
    id: npm:@forge/cli
    updated: true
npm:packages:
  - id: npm:forge
  - id: npm:@forge/cli
